
Microsoft Visual Studio Solution File, Format Version 12.00
# Visual Studio Version 16
VisualStudioVersion = 16.0.31829.152
MinimumVisualStudioVersion = 10.0.40219.1
Project("{FAE04EC0-301F-11D3-BF4B-00C04F79EFBC}") = "Lesson7Application2", "Lesson7Application2\Lesson7Application2.csproj", "{F22565A3-9FD5-40C8-8D3D-C32011E20FDA}"
EndProject
Global
	GlobalSection(SolutionConfigurationPlatforms) = preSolution
		Debug|Any CPU = Debug|Any CPU
		Release|Any CPU = Release|Any CPU
	EndGlobalSection
	GlobalSection(ProjectConfigurationPlatforms) = postSolution
		{F22565A3-9FD5-40C8-8D3D-C32011E20FDA}.Debug|Any CPU.ActiveCfg = Debug|Any CPU
		{F22565A3-9FD5-40C8-8D3D-C32011E20FDA}.Debug|Any CPU.Build.0 = Debug|Any CPU
		{F22565A3-9FD5-40C8-8D3D-C32011E20FDA}.Release|Any CPU.ActiveCfg = Release|Any CPU
		{F22565A3-9FD5-40C8-8D3D-C32011E20FDA}.Release|Any CPU.Build.0 = Release|Any CPU
	EndGlobalSection
	GlobalSection(SolutionProperties) = preSolution
		HideSolutionNode = FALSE
	EndGlobalSection
	GlobalSection(ExtensibilityGlobals) = postSolution
		SolutionGuid = {11549994-E38C-4566-A829-C4F5BF1E18FF}
	EndGlobalSection
EndGlobal
